# THIS IS AN AUTOGENERATED FILE. DO NOT EDIT THIS FILE DIRECTLY.
# yarn lockfile v1


"@fancyapps/fancybox@^3.5.7":
  version "3.5.7"
  resolved "https://registry.yarnpkg.com/@fancyapps/fancybox/-/fancybox-3.5.7.tgz#12f8734663ec6eae7f9236b92ca236e6e07fdfd5"
  integrity sha512-rcEtu8t+WnmqIDV/Wfm1yvy/nDdwc7YV25j9HLxGC2/WOsUhk9rcWg2nB8g1BrjRt9zaoADdjHTU6ILYTJzBBg==

bootstrap@^4.0.0:
  version "4.6.0"
  resolved "https://registry.yarnpkg.com/bootstrap/-/bootstrap-4.6.0.tgz#97b9f29ac98f98dfa43bf7468262d84392552fd7"
  integrity sha512-Io55IuQY3kydzHtbGvQya3H+KorS/M9rSNyfCGCg9WZ4pyT/lCxIlpJgG1GXW/PswzC84Tr2fBYi+7+jFVQQBw==

jquery@^3.5.1:
  version "3.6.0"
  resolved "https://registry.yarnpkg.com/jquery/-/jquery-3.6.0.tgz#c72a09f15c1bdce142f49dbf1170bdf8adac2470"
  integrity sha512-JVzAR/AjBvVt2BmYhxRCSYysDsPcssdmTFnzyLEts9qNwmjmu4JTAMYubEfwVOSwpQ1I1sKKFcxhZCI2buerfw==

slick-slider@^1.8.2:
  version "1.8.2"
  resolved "https://registry.yarnpkg.com/slick-slider/-/slick-slider-1.8.2.tgz#cdb0ccd97c3bcd9807c22474968b1673077e35e0"
  integrity sha512-/NGT7QzlC1/LNu198ad+rM8xJcgSXgiptUPbY0oMmtZ/8K2G9s6mMpLo7um6FIIQ135vUjsnP2gWY5DKJe2qJw==
